
Microsoft Visual Studio Solution File, Format Version 12.00
# Visual Studio Version 16
VisualStudioVersion = 16.0.29326.143
MinimumVisualStudioVersion = 10.0.40219.1
Project("{9A19103F-16F7-4668-BE54-9A1E7A4F7556}") = "M42.Web", "M42.Web\M42.Web.csproj", "{39C14321-DAB5-49BC-86A5-5BA68A72FED9}"
EndProject
Project("{9A19103F-16F7-4668-BE54-9A1E7A4F7556}") = "M42.Data", "M42.Data\M42.Data.csproj", "{4E26CA1E-0024-4A61-AC84-F78416A99110}"
EndProject
Project("{9A19103F-16F7-4668-BE54-9A1E7A4F7556}") = "M42.Data.Initializer", "M42.Data.Initializer\M42.Data.Initializer.csproj", "{2F7C1C4D-695A-4E97-9451-0A95F35A77F9}"
EndProject
Project("{2150E333-8FDC-42A3-9474-1A3956D46DE8}") = "Solution Items", "Solution Items", "{9D65F0C8-3C8A-4EC9-8CF0-493B7B24E510}"
EndProject
Project("{9A19103F-16F7-4668-BE54-9A1E7A4F7556}") = "M42.Services", "M42.Services\M42.Services.csproj", "{E8E309AF-CE11-4812-A037-F37F3272D218}"
EndProject
Global
	GlobalSection(SolutionConfigurationPlatforms) = preSolution
		Debug|Any CPU = Debug|Any CPU
		Release|Any CPU = Release|Any CPU
	EndGlobalSection
	GlobalSection(ProjectConfigurationPlatforms) = postSolution
		{39C14321-DAB5-49BC-86A5-5BA68A72FED9}.Debug|Any CPU.ActiveCfg = Debug|Any CPU
		{39C14321-DAB5-49BC-86A5-5BA68A72FED9}.Debug|Any CPU.Build.0 = Debug|Any CPU
		{39C14321-DAB5-49BC-86A5-5BA68A72FED9}.Release|Any CPU.ActiveCfg = Release|Any CPU
		{39C14321-DAB5-49BC-86A5-5BA68A72FED9}.Release|Any CPU.Build.0 = Release|Any CPU
		{4E26CA1E-0024-4A61-AC84-F78416A99110}.Debug|Any CPU.ActiveCfg = Debug|Any CPU
		{4E26CA1E-0024-4A61-AC84-F78416A99110}.Debug|Any CPU.Build.0 = Debug|Any CPU
		{4E26CA1E-0024-4A61-AC84-F78416A99110}.Release|Any CPU.ActiveCfg = Release|Any CPU
		{4E26CA1E-0024-4A61-AC84-F78416A99110}.Release|Any CPU.Build.0 = Release|Any CPU
		{2F7C1C4D-695A-4E97-9451-0A95F35A77F9}.Debug|Any CPU.ActiveCfg = Debug|Any CPU
		{2F7C1C4D-695A-4E97-9451-0A95F35A77F9}.Debug|Any CPU.Build.0 = Debug|Any CPU
		{2F7C1C4D-695A-4E97-9451-0A95F35A77F9}.Release|Any CPU.ActiveCfg = Release|Any CPU
		{2F7C1C4D-695A-4E97-9451-0A95F35A77F9}.Release|Any CPU.Build.0 = Release|Any CPU
		{E8E309AF-CE11-4812-A037-F37F3272D218}.Debug|Any CPU.ActiveCfg = Debug|Any CPU
		{E8E309AF-CE11-4812-A037-F37F3272D218}.Debug|Any CPU.Build.0 = Debug|Any CPU
		{E8E309AF-CE11-4812-A037-F37F3272D218}.Release|Any CPU.ActiveCfg = Release|Any CPU
		{E8E309AF-CE11-4812-A037-F37F3272D218}.Release|Any CPU.Build.0 = Release|Any CPU
	EndGlobalSection
	GlobalSection(SolutionProperties) = preSolution
		HideSolutionNode = FALSE
	EndGlobalSection
	GlobalSection(ExtensibilityGlobals) = postSolution
		SolutionGuid = {1F10E6C2-CC2D-4DD8-8BA3-95329E6357CF}
	EndGlobalSection
EndGlobal
